
Microsoft Visual Studio Solution File, Format Version 12.00
# Visual Studio Version 17
VisualStudioVersion = 17.13.35931.197 d17.13
MinimumVisualStudioVersion = 10.0.40219.1
Project("{FAE04EC0-301F-11D3-BF4B-00C04F79EFBC}") = "InscripcionMaterias", "InscripcionMaterias\InscripcionMaterias.csproj", "{9E7B3E07-97F5-42D5-A07C-71DE8EBED073}"
EndProject
Global
	GlobalSection(SolutionConfigurationPlatforms) = preSolution
		Debug|Any CPU = Debug|Any CPU
		Release|Any CPU = Release|Any CPU
	EndGlobalSection
	GlobalSection(ProjectConfigurationPlatforms) = postSolution
		{9E7B3E07-97F5-42D5-A07C-71DE8EBED073}.Debug|Any CPU.ActiveCfg = Debug|Any CPU
		{9E7B3E07-97F5-42D5-A07C-71DE8EBED073}.Debug|Any CPU.Build.0 = Debug|Any CPU
		{9E7B3E07-97F5-42D5-A07C-71DE8EBED073}.Release|Any CPU.ActiveCfg = Release|Any CPU
		{9E7B3E07-97F5-42D5-A07C-71DE8EBED073}.Release|Any CPU.Build.0 = Release|Any CPU
	EndGlobalSection
	GlobalSection(SolutionProperties) = preSolution
		HideSolutionNode = FALSE
	EndGlobalSection
	GlobalSection(ExtensibilityGlobals) = postSolution
		SolutionGuid = {B983135E-4AB0-4596-A64E-A22A406B494C}
	EndGlobalSection
EndGlobal
